
Microsoft Visual Studio Solution File, Format Version 12.00
# Visual Studio Version 17
VisualStudioVersion = 17.4.33213.308
MinimumVisualStudioVersion = 10.0.40219.1
Project("{9A19103F-16F7-4668-BE54-9A1E7A4F7556}") = "API01", "API01\API01.csproj", "{B457DF2E-FFE6-4FDA-A487-83D9377248C2}"
EndProject
Project("{9A19103F-16F7-4668-BE54-9A1E7A4F7556}") = "API02", "API02\API02.csproj", "{CC152CE7-286C-49D8-8320-35857C553D24}"
EndProject
Project("{FAE04EC0-301F-11D3-BF4B-00C04F79EFBC}") = "API03", "API03\API03.csproj", "{5EED9FD4-CC24-4E2A-8170-27A32028DC92}"
EndProject
Project("{FAE04EC0-301F-11D3-BF4B-00C04F79EFBC}") = "API04", "API04\API04.csproj", "{31B046D1-51B9-4216-8901-DBB129394860}"
EndProject
Project("{FAE04EC0-301F-11D3-BF4B-00C04F79EFBC}") = "APICompute", "APICompute\APICompute.csproj", "{678C83C9-A913-40C9-9280-3AE2A62E08C2}"
EndProject
Project("{FAE04EC0-301F-11D3-BF4B-00C04F79EFBC}") = "APIGateway", "APIGateway\APIGateway.csproj", "{49B8C770-EF85-4302-9BEC-0C10E36756B5}"
EndProject
Global
	GlobalSection(SolutionConfigurationPlatforms) = preSolution
		Debug|Any CPU = Debug|Any CPU
		Release|Any CPU = Release|Any CPU
	EndGlobalSection
	GlobalSection(ProjectConfigurationPlatforms) = postSolution
		{B457DF2E-FFE6-4FDA-A487-83D9377248C2}.Debug|Any CPU.ActiveCfg = Debug|Any CPU
		{B457DF2E-FFE6-4FDA-A487-83D9377248C2}.Debug|Any CPU.Build.0 = Debug|Any CPU
		{B457DF2E-FFE6-4FDA-A487-83D9377248C2}.Release|Any CPU.ActiveCfg = Release|Any CPU
		{B457DF2E-FFE6-4FDA-A487-83D9377248C2}.Release|Any CPU.Build.0 = Release|Any CPU
		{CC152CE7-286C-49D8-8320-35857C553D24}.Debug|Any CPU.ActiveCfg = Debug|Any CPU
		{CC152CE7-286C-49D8-8320-35857C553D24}.Debug|Any CPU.Build.0 = Debug|Any CPU
		{CC152CE7-286C-49D8-8320-35857C553D24}.Release|Any CPU.ActiveCfg = Release|Any CPU
		{CC152CE7-286C-49D8-8320-35857C553D24}.Release|Any CPU.Build.0 = Release|Any CPU
		{5EED9FD4-CC24-4E2A-8170-27A32028DC92}.Debug|Any CPU.ActiveCfg = Debug|Any CPU
		{5EED9FD4-CC24-4E2A-8170-27A32028DC92}.Debug|Any CPU.Build.0 = Debug|Any CPU
		{5EED9FD4-CC24-4E2A-8170-27A32028DC92}.Release|Any CPU.ActiveCfg = Release|Any CPU
		{5EED9FD4-CC24-4E2A-8170-27A32028DC92}.Release|Any CPU.Build.0 = Release|Any CPU
		{31B046D1-51B9-4216-8901-DBB129394860}.Debug|Any CPU.ActiveCfg = Debug|Any CPU
		{31B046D1-51B9-4216-8901-DBB129394860}.Debug|Any CPU.Build.0 = Debug|Any CPU
		{31B046D1-51B9-4216-8901-DBB129394860}.Release|Any CPU.ActiveCfg = Release|Any CPU
		{31B046D1-51B9-4216-8901-DBB129394860}.Release|Any CPU.Build.0 = Release|Any CPU
		{678C83C9-A913-40C9-9280-3AE2A62E08C2}.Debug|Any CPU.ActiveCfg = Debug|Any CPU
		{678C83C9-A913-40C9-9280-3AE2A62E08C2}.Debug|Any CPU.Build.0 = Debug|Any CPU
		{678C83C9-A913-40C9-9280-3AE2A62E08C2}.Release|Any CPU.ActiveCfg = Release|Any CPU
		{678C83C9-A913-40C9-9280-3AE2A62E08C2}.Release|Any CPU.Build.0 = Release|Any CPU
		{49B8C770-EF85-4302-9BEC-0C10E36756B5}.Debug|Any CPU.ActiveCfg = Debug|Any CPU
		{49B8C770-EF85-4302-9BEC-0C10E36756B5}.Debug|Any CPU.Build.0 = Debug|Any CPU
		{49B8C770-EF85-4302-9BEC-0C10E36756B5}.Release|Any CPU.ActiveCfg = Release|Any CPU
		{49B8C770-EF85-4302-9BEC-0C10E36756B5}.Release|Any CPU.Build.0 = Release|Any CPU
	EndGlobalSection
	GlobalSection(SolutionProperties) = preSolution
		HideSolutionNode = FALSE
	EndGlobalSection
	GlobalSection(ExtensibilityGlobals) = postSolution
		SolutionGuid = {E42E78BA-D374-4EFE-AAE4-A612054749F3}
	EndGlobalSection
EndGlobal
